// !$*UTF8*$!
{
	archiveVersion = 1;
	classes = {
	};
	objectVersion = 55;
	objects = {

/* Begin PBXBuildFile section */
		082501B5279BD86600AECB82 /* AppDelegate.swift in Sources */ = {isa = PBXBuildFile; fileRef = 082501B4279BD86600AECB82 /* AppDelegate.swift */; };
		082501B9279BD86600AECB82 /* ViewController.swift in Sources */ = {isa = PBXBuildFile; fileRef = 082501B8279BD86600AECB82 /* ViewController.swift */; };
		082501BE279BD86800AECB82 /* Assets.xcassets in Resources */ = {isa = PBXBuildFile; fileRef = 082501BD279BD86800AECB82 /* Assets.xcassets */; };
		082501C1279BD86800AECB82 /* LaunchScreen.storyboard in Resources */ = {isa = PBXBuildFile; fileRef = 082501BF279BD86800AECB82 /* LaunchScreen.storyboard */; };
		082501CC279BD86800AECB82 /* LRUCacheAppTests.swift in Sources */ = {isa = PBXBuildFile; fileRef = 082501CB279BD86800AECB82 /* LRUCacheAppTests.swift */; };
		082501D6279BD86800AECB82 /* LRUCacheAppUITests.swift in Sources */ = {isa = PBXBuildFile; fileRef = 082501D5279BD86800AECB82 /* LRUCacheAppUITests.swift */; };
		082501D8279BD86800AECB82 /* LRUCacheAppUITestsLaunchTests.swift in Sources */ = {isa = PBXBuildFile; fileRef = 082501D7279BD86800AECB82 /* LRUCacheAppUITestsLaunchTests.swift */; };
		082501EB279BD92900AECB82 /* LRUCache.swift in Sources */ = {isa = PBXBuildFile; fileRef = 082501EA279BD92900AECB82 /* LRUCache.swift */; };
		082501F0279BD94D00AECB82 /* DoublyLinkedList.swift in Sources */ = {isa = PBXBuildFile; fileRef = 082501EF279BD94C00AECB82 /* DoublyLinkedList.swift */; };
		082501F8279BEA1500AECB82 /* LRUCacheTests.swift in Sources */ = {isa = PBXBuildFile; fileRef = 082501F7279BEA1500AECB82 /* LRUCacheTests.swift */; };
		082501F9279BEA1500AECB82 /* libLRUCache.a in Frameworks */ = {isa = PBXBuildFile; fileRef = 082501E8279BD92900AECB82 /* libLRUCache.a */; };
		08250200279BEA2B00AECB82 /* DoublyLinkedListTests.swift in Sources */ = {isa = PBXBuildFile; fileRef = 082501FF279BEA2B00AECB82 /* DoublyLinkedListTests.swift */; };
		08250203279C9A8800AECB82 /* APIManager.swift in Sources */ = {isa = PBXBuildFile; fileRef = 08250202279C9A8800AECB82 /* APIManager.swift */; };
		08250207279C9D8400AECB82 /* libLRUCache.a in Frameworks */ = {isa = PBXBuildFile; fileRef = 082501E8279BD92900AECB82 /* libLRUCache.a */; };
		0825020B279C9DAE00AECB82 /* ImageDownloader.swift in Sources */ = {isa = PBXBuildFile; fileRef = 0825020A279C9DAE00AECB82 /* ImageDownloader.swift */; };
		08357109279D59CB0085F990 /* CacheManager.swift in Sources */ = {isa = PBXBuildFile; fileRef = 08357108279D59CB0085F990 /* CacheManager.swift */; };
/* End PBXBuildFile section */

/* Begin PBXContainerItemProxy section */
		082501C8279BD86800AECB82 /* PBXContainerItemProxy */ = {
			isa = PBXContainerItemProxy;
			containerPortal = 082501A9279BD86600AECB82 /* Project object */;
			proxyType = 1;
			remoteGlobalIDString = 082501B0279BD86600AECB82;
			remoteInfo = LRUCacheApp;
		};
		082501D2279BD86800AECB82 /* PBXContainerItemProxy */ = {
			isa = PBXContainerItemProxy;
			containerPortal = 082501A9279BD86600AECB82 /* Project object */;
			proxyType = 1;
			remoteGlobalIDString = 082501B0279BD86600AECB82;
			remoteInfo = LRUCacheApp;
		};
		082501FA279BEA1500AECB82 /* PBXContainerItemProxy */ = {
			isa = PBXContainerItemProxy;
			containerPortal = 082501A9279BD86600AECB82 /* Project object */;
			proxyType = 1;
			remoteGlobalIDString = 082501E7279BD92900AECB82;
			remoteInfo = LRUCache;
		};
		08250204279C9D7000AECB82 /* PBXContainerItemProxy */ = {
			isa = PBXContainerItemProxy;
			containerPortal = 082501A9279BD86600AECB82 /* Project object */;
			proxyType = 1;
			remoteGlobalIDString = 082501E7279BD92900AECB82;
			remoteInfo = LRUCache;
		};
		08250208279C9D8400AECB82 /* PBXContainerItemProxy */ = {
			isa = PBXContainerItemProxy;
			containerPortal = 082501A9279BD86600AECB82 /* Project object */;
			proxyType = 1;
			remoteGlobalIDString = 082501E7279BD92900AECB82;
			remoteInfo = LRUCache;
		};
/* End PBXContainerItemProxy section */

/* Begin PBXCopyFilesBuildPhase section */
		082501E6279BD92900AECB82 /* CopyFiles */ = {
			isa = PBXCopyFilesBuildPhase;
			buildActionMask = 2147483647;
			dstPath = "include/$(PRODUCT_NAME)";
			dstSubfolderSpec = 16;
			files = (
			);
			runOnlyForDeploymentPostprocessing = 0;
		};
/* End PBXCopyFilesBuildPhase section */

/* Begin PBXFileReference section */
		082501B1279BD86600AECB82 /* LRUCacheApp.app */ = {isa = PBXFileReference; explicitFileType = wrapper.application; includeInIndex = 0; path = LRUCacheApp.app; sourceTree = BUILT_PRODUCTS_DIR; };
		082501B4279BD86600AECB82 /* AppDelegate.swift */ = {isa = PBXFileReference; lastKnownFileType = sourcecode.swift; path = AppDelegate.swift; sourceTree = "<group>"; };
		082501B8279BD86600AECB82 /* ViewController.swift */ = {isa = PBXFileReference; lastKnownFileType = sourcecode.swift; path = ViewController.swift; sourceTree = "<group>"; };
		082501BD279BD86800AECB82 /* Assets.xcassets */ = {isa = PBXFileReference; lastKnownFileType = folder.assetcatalog; path = Assets.xcassets; sourceTree = "<group>"; };
		082501C0279BD86800AECB82 /* Base */ = {isa = PBXFileReference; lastKnownFileType = file.storyboard; name = Base; path = Base.lproj/LaunchScreen.storyboard; sourceTree = "<group>"; };
		082501C2279BD86800AECB82 /* Info.plist */ = {isa = PBXFileReference; lastKnownFileType = text.plist.xml; path = Info.plist; sourceTree = "<group>"; };
		082501C7279BD86800AECB82 /* LRUCacheAppTests.xctest */ = {isa = PBXFileReference; explicitFileType = wrapper.cfbundle; includeInIndex = 0; path = LRUCacheAppTests.xctest; sourceTree = BUILT_PRODUCTS_DIR; };
		082501CB279BD86800AECB82 /* LRUCacheAppTests.swift */ = {isa = PBXFileReference; lastKnownFileType = sourcecode.swift; path = LRUCacheAppTests.swift; sourceTree = "<group>"; };
		082501D1279BD86800AECB82 /* LRUCacheAppUITests.xctest */ = {isa = PBXFileReference; explicitFileType = wrapper.cfbundle; includeInIndex = 0; path = LRUCacheAppUITests.xctest; sourceTree = BUILT_PRODUCTS_DIR; };
		082501D5279BD86800AECB82 /* LRUCacheAppUITests.swift */ = {isa = PBXFileReference; lastKnownFileType = sourcecode.swift; path = LRUCacheAppUITests.swift; sourceTree = "<group>"; };
		082501D7279BD86800AECB82 /* LRUCacheAppUITestsLaunchTests.swift */ = {isa = PBXFileReference; lastKnownFileType = sourcecode.swift; path = LRUCacheAppUITestsLaunchTests.swift; sourceTree = "<group>"; };
		082501E8279BD92900AECB82 /* libLRUCache.a */ = {isa = PBXFileReference; explicitFileType = archive.ar; includeInIndex = 0; path = libLRUCache.a; sourceTree = BUILT_PRODUCTS_DIR; };
		082501EA279BD92900AECB82 /* LRUCache.swift */ = {isa = PBXFileReference; lastKnownFileType = sourcecode.swift; path = LRUCache.swift; sourceTree = "<group>"; };
		082501EF279BD94C00AECB82 /* DoublyLinkedList.swift */ = {isa = PBXFileReference; lastKnownFileType = sourcecode.swift; path = DoublyLinkedList.swift; sourceTree = "<group>"; };
		082501F5279BEA1500AECB82 /* LRUCacheTests.xctest */ = {isa = PBXFileReference; explicitFileType = wrapper.cfbundle; includeInIndex = 0; path = LRUCacheTests.xctest; sourceTree = BUILT_PRODUCTS_DIR; };
		082501F7279BEA1500AECB82 /* LRUCacheTests.swift */ = {isa = PBXFileReference; lastKnownFileType = sourcecode.swift; path = LRUCacheTests.swift; sourceTree = "<group>"; };
		082501FF279BEA2B00AECB82 /* DoublyLinkedListTests.swift */ = {isa = PBXFileReference; lastKnownFileType = sourcecode.swift; path = DoublyLinkedListTests.swift; sourceTree = "<group>"; };
		08250202279C9A8800AECB82 /* APIManager.swift */ = {isa = PBXFileReference; lastKnownFileType = sourcecode.swift; path = APIManager.swift; sourceTree = "<group>"; };
		0825020A279C9DAE00AECB82 /* ImageDownloader.swift */ = {isa = PBXFileReference; lastKnownFileType = sourcecode.swift; path = ImageDownloader.swift; sourceTree = "<group>"; };
		08357108279D59CB0085F990 /* CacheManager.swift */ = {isa = PBXFileReference; lastKnownFileType = sourcecode.swift; path = CacheManager.swift; sourceTree = "<group>"; };
/* End PBXFileReference section */

/* Begin PBXFrameworksBuildPhase section */
		082501AE279BD86600AECB82 /* Frameworks */ = {
			isa = PBXFrameworksBuildPhase;
			buildActionMask = 2147483647;
			files = (
				08250207279C9D8400AECB82 /* libLRUCache.a in Frameworks */,
			);
			runOnlyForDeploymentPostprocessing = 0;
		};
		082501C4279BD86800AECB82 /* Frameworks */ = {
			isa = PBXFrameworksBuildPhase;
			buildActionMask = 2147483647;
			files = (
			);
			runOnlyForDeploymentPostprocessing = 0;
		};
		082501CE279BD86800AECB82 /* Frameworks */ = {
			isa = PBXFrameworksBuildPhase;
			buildActionMask = 2147483647;
			files = (
			);
			runOnlyForDeploymentPostprocessing = 0;
		};
		082501E5279BD92900AECB82 /* Frameworks */ = {
			isa = PBXFrameworksBuildPhase;
			buildActionMask = 2147483647;
			files = (
			);
			runOnlyForDeploymentPostprocessing = 0;
		};
		082501F2279BEA1500AECB82 /* Frameworks */ = {
			isa = PBXFrameworksBuildPhase;
			buildActionMask = 2147483647;
			files = (
				082501F9279BEA1500AECB82 /* libLRUCache.a in Frameworks */,
			);
			runOnlyForDeploymentPostprocessing = 0;
		};
/* End PBXFrameworksBuildPhase section */

/* Begin PBXGroup section */
		082501A8279BD86600AECB82 = {
			isa = PBXGroup;
			children = (
				082501B3279BD86600AECB82 /* LRUCacheApp */,
				082501CA279BD86800AECB82 /* LRUCacheAppTests */,
				082501D4279BD86800AECB82 /* LRUCacheAppUITests */,
				082501E9279BD92900AECB82 /* LRUCache */,
				082501F6279BEA1500AECB82 /* LRUCacheTests */,
				082501B2279BD86600AECB82 /* Products */,
				08250206279C9D8400AECB82 /* Frameworks */,
			);
			sourceTree = "<group>";
		};
		082501B2279BD86600AECB82 /* Products */ = {
			isa = PBXGroup;
			children = (
				082501B1279BD86600AECB82 /* LRUCacheApp.app */,
				082501C7279BD86800AECB82 /* LRUCacheAppTests.xctest */,
				082501D1279BD86800AECB82 /* LRUCacheAppUITests.xctest */,
				082501E8279BD92900AECB82 /* libLRUCache.a */,
				082501F5279BEA1500AECB82 /* LRUCacheTests.xctest */,
			);
			name = Products;
			sourceTree = "<group>";
		};
		082501B3279BD86600AECB82 /* LRUCacheApp */ = {
			isa = PBXGroup;
			children = (
				082501B4279BD86600AECB82 /* AppDelegate.swift */,
				082501B8279BD86600AECB82 /* ViewController.swift */,
				08250202279C9A8800AECB82 /* APIManager.swift */,
				08357108279D59CB0085F990 /* CacheManager.swift */,
				0825020A279C9DAE00AECB82 /* ImageDownloader.swift */,
				082501BD279BD86800AECB82 /* Assets.xcassets */,
				082501BF279BD86800AECB82 /* LaunchScreen.storyboard */,
				082501C2279BD86800AECB82 /* Info.plist */,
			);
			path = LRUCacheApp;
			sourceTree = "<group>";
		};
		082501CA279BD86800AECB82 /* LRUCacheAppTests */ = {
			isa = PBXGroup;
			children = (
				082501CB279BD86800AECB82 /* LRUCacheAppTests.swift */,
			);
			path = LRUCacheAppTests;
			sourceTree = "<group>";
		};
		082501D4279BD86800AECB82 /* LRUCacheAppUITests */ = {
			isa = PBXGroup;
			children = (
				082501D5279BD86800AECB82 /* LRUCacheAppUITests.swift */,
				082501D7279BD86800AECB82 /* LRUCacheAppUITestsLaunchTests.swift */,
			);
			path = LRUCacheAppUITests;
			sourceTree = "<group>";
		};
		082501E9279BD92900AECB82 /* LRUCache */ = {
			isa = PBXGroup;
			children = (
				082501EA279BD92900AECB82 /* LRUCache.swift */,
				082501EF279BD94C00AECB82 /* DoublyLinkedList.swift */,
			);
			path = LRUCache;
			sourceTree = "<group>";
		};
		082501F6279BEA1500AECB82 /* LRUCacheTests */ = {
			isa = PBXGroup;
			children = (
				082501F7279BEA1500AECB82 /* LRUCacheTests.swift */,
				082501FF279BEA2B00AECB82 /* DoublyLinkedListTests.swift */,
			);
			path = LRUCacheTests;
			sourceTree = "<group>";
		};
		08250206279C9D8400AECB82 /* Frameworks */ = {
			isa = PBXGroup;
			children = (
			);
			name = Frameworks;
			sourceTree = "<group>";
		};
/* End PBXGroup section */

/* Begin PBXNativeTarget section */
		082501B0279BD86600AECB82 /* LRUCacheApp */ = {
			isa = PBXNativeTarget;
			buildConfigurationList = 082501DB279BD86800AECB82 /* Build configuration list for PBXNativeTarget "LRUCacheApp" */;
			buildPhases = (
				082501AD279BD86600AECB82 /* Sources */,
				082501AE279BD86600AECB82 /* Frameworks */,
				082501AF279BD86600AECB82 /* Resources */,
			);
			buildRules = (
			);
			dependencies = (
				08250205279C9D7000AECB82 /* PBXTargetDependency */,
				08250209279C9D8400AECB82 /* PBXTargetDependency */,
			);
			name = LRUCacheApp;
			productName = LRUCacheApp;
			productReference = 082501B1279BD86600AECB82 /* LRUCacheApp.app */;
			productType = "com.apple.product-type.application";
		};
		082501C6279BD86800AECB82 /* LRUCacheAppTests */ = {
			isa = PBXNativeTarget;
			buildConfigurationList = 082501DE279BD86800AECB82 /* Build configuration list for PBXNativeTarget "LRUCacheAppTests" */;
			buildPhases = (
				082501C3279BD86800AECB82 /* Sources */,
				082501C4279BD86800AECB82 /* Frameworks */,
				082501C5279BD86800AECB82 /* Resources */,
			);
			buildRules = (
			);
			dependencies = (
				082501C9279BD86800AECB82 /* PBXTargetDependency */,
			);
			name = LRUCacheAppTests;
			productName = LRUCacheAppTests;
			productReference = 082501C7279BD86800AECB82 /* LRUCacheAppTests.xctest */;
			productType = "com.apple.product-type.bundle.unit-test";
		};
		082501D0279BD86800AECB82 /* LRUCacheAppUITests */ = {
			isa = PBXNativeTarget;
			buildConfigurationList = 082501E1279BD86800AECB82 /* Build configuration list for PBXNativeTarget "LRUCacheAppUITests" */;
			buildPhases = (
				082501CD279BD86800AECB82 /* Sources */,
				082501CE279BD86800AECB82 /* Frameworks */,
				082501CF279BD86800AECB82 /* Resources */,
			);
			buildRules = (
			);
			dependencies = (
				082501D3279BD86800AECB82 /* PBXTargetDependency */,
			);
			name = LRUCacheAppUITests;
			productName = LRUCacheAppUITests;
			productReference = 082501D1279BD86800AECB82 /* LRUCacheAppUITests.xctest */;
			productType = "com.apple.product-type.bundle.ui-testing";
		};
		082501E7279BD92900AECB82 /* LRUCache */ = {
			isa = PBXNativeTarget;
			buildConfigurationList = 082501EC279BD92900AECB82 /* Build configuration list for PBXNativeTarget "LRUCache" */;
			buildPhases = (
				082501E4279BD92900AECB82 /* Sources */,
				082501E5279BD92900AECB82 /* Frameworks */,
				082501E6279BD92900AECB82 /* CopyFiles */,
			);
			buildRules = (
			);
			dependencies = (
			);
			name = LRUCache;
			productName = LRUCache;
			productReference = 082501E8279BD92900AECB82 /* libLRUCache.a */;
			productType = "com.apple.product-type.library.static";
		};
		082501F4279BEA1500AECB82 /* LRUCacheTests */ = {
			isa = PBXNativeTarget;
			buildConfigurationList = 082501FC279BEA1500AECB82 /* Build configuration list for PBXNativeTarget "LRUCacheTests" */;
			buildPhases = (
				082501F1279BEA1500AECB82 /* Sources */,
				082501F2279BEA1500AECB82 /* Frameworks */,
				082501F3279BEA1500AECB82 /* Resources */,
			);
			buildRules = (
			);
			dependencies = (
				082501FB279BEA1500AECB82 /* PBXTargetDependency */,
			);
			name = LRUCacheTests;
			productName = LRUCacheTests;
			productReference = 082501F5279BEA1500AECB82 /* LRUCacheTests.xctest */;
			productType = "com.apple.product-type.bundle.unit-test";
		};
/* End PBXNativeTarget section */

/* Begin PBXProject section */
		082501A9279BD86600AECB82 /* Project object */ = {
			isa = PBXProject;
			attributes = {
				BuildIndependentTargetsInParallel = 1;
				LastSwiftUpdateCheck = 1320;
				LastUpgradeCheck = 1320;
				TargetAttributes = {
					082501B0279BD86600AECB82 = {
						CreatedOnToolsVersion = 13.2.1;
					};
					082501C6279BD86800AECB82 = {
						CreatedOnToolsVersion = 13.2.1;
						TestTargetID = 082501B0279BD86600AECB82;
					};
					082501D0279BD86800AECB82 = {
						CreatedOnToolsVersion = 13.2.1;
						TestTargetID = 082501B0279BD86600AECB82;
					};
					082501E7279BD92900AECB82 = {
						CreatedOnToolsVersion = 13.2.1;
					};
					082501F4279BEA1500AECB82 = {
						CreatedOnToolsVersion = 13.2.1;
					};
				};
			};
			buildConfigurationList = 082501AC279BD86600AECB82 /* Build configuration list for PBXProject "LRUCacheApp" */;
			compatibilityVersion = "Xcode 13.0";
			developmentRegion = en;
			hasScannedForEncodings = 0;
			knownRegions = (
				en,
				Base,
			);
			mainGroup = 082501A8279BD86600AECB82;
			productRefGroup = 082501B2279BD86600AECB82 /* Products */;
			projectDirPath = "";
			projectRoot = "";
			targets = (
				082501B0279BD86600AECB82 /* LRUCacheApp */,
				082501C6279BD86800AECB82 /* LRUCacheAppTests */,
				082501D0279BD86800AECB82 /* LRUCacheAppUITests */,
				082501E7279BD92900AECB82 /* LRUCache */,
				082501F4279BEA1500AECB82 /* LRUCacheTests */,
			);
		};
/* End PBXProject section */

/* Begin PBXResourcesBuildPhase section */
		082501AF279BD86600AECB82 /* Resources */ = {
			isa = PBXResourcesBuildPhase;
			buildActionMask = 2147483647;
			files = (
				082501C1279BD86800AECB82 /* LaunchScreen.storyboard in Resources */,
				082501BE279BD86800AECB82 /* Assets.xcassets in Resources */,
			);
			runOnlyForDeploymentPostprocessing = 0;
		};
		082501C5279BD86800AECB82 /* Resources */ = {
			isa = PBXResourcesBuildPhase;
			buildActionMask = 2147483647;
			files = (
			);
			runOnlyForDeploymentPostprocessing = 0;
		};
		082501CF279BD86800AECB82 /* Resources */ = {
			isa = PBXResourcesBuildPhase;
			buildActionMask = 2147483647;
			files = (
			);
			runOnlyForDeploymentPostprocessing = 0;
		};
		082501F3279BEA1500AECB82 /* Resources */ = {
			isa = PBXResourcesBuildPhase;
			buildActionMask = 2147483647;
			files = (
			);
			runOnlyForDeploymentPostprocessing = 0;
		};
/* End PBXResourcesBuildPhase section */

/* Begin PBXSourcesBuildPhase section */
		082501AD279BD86600AECB82 /* Sources */ = {
			isa = PBXSourcesBuildPhase;
			buildActionMask = 2147483647;
			files = (
				08250203279C9A8800AECB82 /* APIManager.swift in Sources */,
				08357109279D59CB0085F990 /* CacheManager.swift in Sources */,
				082501B9279BD86600AECB82 /* ViewController.swift in Sources */,
				082501B5279BD86600AECB82 /* AppDelegate.swift in Sources */,
				0825020B279C9DAE00AECB82 /* ImageDownloader.swift in Sources */,
			);
			runOnlyForDeploymentPostprocessing = 0;
		};
		082501C3279BD86800AECB82 /* Sources */ = {
			isa = PBXSourcesBuildPhase;
			buildActionMask = 2147483647;
			files = (
				082501CC279BD86800AECB82 /* LRUCacheAppTests.swift in Sources */,
			);
			runOnlyForDeploymentPostprocessing = 0;
		};
		082501CD279BD86800AECB82 /* Sources */ = {
			isa = PBXSourcesBuildPhase;
			buildActionMask = 2147483647;
			files = (
				082501D6279BD86800AECB82 /* LRUCacheAppUITests.swift in Sources */,
				082501D8279BD86800AECB82 /* LRUCacheAppUITestsLaunchTests.swift in Sources */,
			);
			runOnlyForDeploymentPostprocessing = 0;
		};
		082501E4279BD92900AECB82 /* Sources */ = {
			isa = PBXSourcesBuildPhase;
			buildActionMask = 2147483647;
			files = (
				082501EB279BD92900AECB82 /* LRUCache.swift in Sources */,
				082501F0279BD94D00AECB82 /* DoublyLinkedList.swift in Sources */,
			);
			runOnlyForDeploymentPostprocessing = 0;
		};
		082501F1279BEA1500AECB82 /* Sources */ = {
			isa = PBXSourcesBuildPhase;
			buildActionMask = 2147483647;
			files = (
				082501F8279BEA1500AECB82 /* LRUCacheTests.swift in Sources */,
				08250200279BEA2B00AECB82 /* DoublyLinkedListTests.swift in Sources */,
			);
			runOnlyForDeploymentPostprocessing = 0;
		};
/* End PBXSourcesBuildPhase section */

/* Begin PBXTargetDependency section */
		082501C9279BD86800AECB82 /* PBXTargetDependency */ = {
			isa = PBXTargetDependency;
			target = 082501B0279BD86600AECB82 /* LRUCacheApp */;
			targetProxy = 082501C8279BD86800AECB82 /* PBXContainerItemProxy */;
		};
		082501D3279BD86800AECB82 /* PBXTargetDependency */ = {
			isa = PBXTargetDependency;
			target = 082501B0279BD86600AECB82 /* LRUCacheApp */;
			targetProxy = 082501D2279BD86800AECB82 /* PBXContainerItemProxy */;
		};
		082501FB279BEA1500AECB82 /* PBXTargetDependency */ = {
			isa = PBXTargetDependency;
			target = 082501E7279BD92900AECB82 /* LRUCache */;
			targetProxy = 082501FA279BEA1500AECB82 /* PBXContainerItemProxy */;
		};
		08250205279C9D7000AECB82 /* PBXTargetDependency */ = {
			isa = PBXTargetDependency;
			target = 082501E7279BD92900AECB82 /* LRUCache */;
			targetProxy = 08250204279C9D7000AECB82 /* PBXContainerItemProxy */;
		};
		08250209279C9D8400AECB82 /* PBXTargetDependency */ = {
			isa = PBXTargetDependency;
			target = 082501E7279BD92900AECB82 /* LRUCache */;
			targetProxy = 08250208279C9D8400AECB82 /* PBXContainerItemProxy */;
		};
/* End PBXTargetDependency section */

/* Begin PBXVariantGroup section */
		082501BF279BD86800AECB82 /* LaunchScreen.storyboard */ = {
			isa = PBXVariantGroup;
			children = (
				082501C0279BD86800AECB82 /* Base */,
			);
			name = LaunchScreen.storyboard;
			sourceTree = "<group>";
		};
/* End PBXVariantGroup section */

/* Begin XCBuildConfiguration section */
		082501D9279BD86800AECB82 /* Debug */ = {
			isa = XCBuildConfiguration;
			buildSettings = {
				ALWAYS_SEARCH_USER_PATHS = NO;
				CLANG_ANALYZER_NONNULL = YES;
				CLANG_ANALYZER_NUMBER_OBJECT_CONVERSION = YES_AGGRESSIVE;
				CLANG_CXX_LANGUAGE_STANDARD = "gnu++17";
				CLANG_CXX_LIBRARY = "libc++";
				CLANG_ENABLE_MODULES = YES;
				CLANG_ENABLE_OBJC_ARC = YES;
				CLANG_ENABLE_OBJC_WEAK = YES;
				CLANG_WARN_BLOCK_CAPTURE_AUTORELEASING = YES;
				CLANG_WARN_BOOL_CONVERSION = YES;
				CLANG_WARN_COMMA = YES;
				CLANG_WARN_CONSTANT_CONVERSION = YES;
				CLANG_WARN_DEPRECATED_OBJC_IMPLEMENTATIONS = YES;
				CLANG_WARN_DIRECT_OBJC_ISA_USAGE = YES_ERROR;
				CLANG_WARN_DOCUMENTATION_COMMENTS = YES;
				CLANG_WARN_EMPTY_BODY = YES;
				CLANG_WARN_ENUM_CONVERSION = YES;
				CLANG_WARN_INFINITE_RECURSION = YES;
				CLANG_WARN_INT_CONVERSION = YES;
				CLANG_WARN_NON_LITERAL_NULL_CONVERSION = YES;
				CLANG_WARN_OBJC_IMPLICIT_RETAIN_SELF = YES;
				CLANG_WARN_OBJC_LITERAL_CONVERSION = YES;
				CLANG_WARN_OBJC_ROOT_CLASS = YES_ERROR;
				CLANG_WARN_QUOTED_INCLUDE_IN_FRAMEWORK_HEADER = YES;
				CLANG_WARN_RANGE_LOOP_ANALYSIS = YES;
				CLANG_WARN_STRICT_PROTOTYPES = YES;
				CLANG_WARN_SUSPICIOUS_MOVE = YES;
				CLANG_WARN_UNGUARDED_AVAILABILITY = YES_AGGRESSIVE;
				CLANG_WARN_UNREACHABLE_CODE = YES;
				CLANG_WARN__DUPLICATE_METHOD_MATCH = YES;
				COPY_PHASE_STRIP = NO;
				DEBUG_INFORMATION_FORMAT = dwarf;
				ENABLE_STRICT_OBJC_MSGSEND = YES;
				ENABLE_TESTABILITY = YES;
				GCC_C_LANGUAGE_STANDARD = gnu11;
				GCC_DYNAMIC_NO_PIC = NO;
				GCC_NO_COMMON_BLOCKS = YES;
				GCC_OPTIMIZATION_LEVEL = 0;
				GCC_PREPROCESSOR_DEFINITIONS = (
					"DEBUG=1",
					"$(inherited)",
				);
				GCC_WARN_64_TO_32_BIT_CONVERSION = YES;
				GCC_WARN_ABOUT_RETURN_TYPE = YES_ERROR;
				GCC_WARN_UNDECLARED_SELECTOR = YES;
				GCC_WARN_UNINITIALIZED_AUTOS = YES_AGGRESSIVE;
				GCC_WARN_UNUSED_FUNCTION = YES;
				GCC_WARN_UNUSED_VARIABLE = YES;
				IPHONEOS_DEPLOYMENT_TARGET = 15.2;
				MTL_ENABLE_DEBUG_INFO = INCLUDE_SOURCE;
				MTL_FAST_MATH = YES;
				ONLY_ACTIVE_ARCH = YES;
				SDKROOT = iphoneos;
				SWIFT_ACTIVE_COMPILATION_CONDITIONS = DEBUG;
				SWIFT_OPTIMIZATION_LEVEL = "-Onone";
			};
			name = Debug;
		};
		082501DA279BD86800AECB82 /* Release */ = {
			isa = XCBuildConfiguration;
			buildSettings = {
				ALWAYS_SEARCH_USER_PATHS = NO;
				CLANG_ANALYZER_NONNULL = YES;
				CLANG_ANALYZER_NUMBER_OBJECT_CONVERSION = YES_AGGRESSIVE;
				CLANG_CXX_LANGUAGE_STANDARD = "gnu++17";
				CLANG_CXX_LIBRARY = "libc++";
				CLANG_ENABLE_MODULES = YES;
				CLANG_ENABLE_OBJC_ARC = YES;
				CLANG_ENABLE_OBJC_WEAK = YES;
				CLANG_WARN_BLOCK_CAPTURE_AUTORELEASING = YES;
				CLANG_WARN_BOOL_CONVERSION = YES;
				CLANG_WARN_COMMA = YES;
				CLANG_WARN_CONSTANT_CONVERSION = YES;
				CLANG_WARN_DEPRECATED_OBJC_IMPLEMENTATIONS = YES;
				CLANG_WARN_DIRECT_OBJC_ISA_USAGE = YES_ERROR;
				CLANG_WARN_DOCUMENTATION_COMMENTS = YES;
				CLANG_WARN_EMPTY_BODY = YES;
				CLANG_WARN_ENUM_CONVERSION = YES;
				CLANG_WARN_INFINITE_RECURSION = YES;
				CLANG_WARN_INT_CONVERSION = YES;
				CLANG_WARN_NON_LITERAL_NULL_CONVERSION = YES;
				CLANG_WARN_OBJC_IMPLICIT_RETAIN_SELF = YES;
				CLANG_WARN_OBJC_LITERAL_CONVERSION = YES;
				CLANG_WARN_OBJC_ROOT_CLASS = YES_ERROR;
				CLANG_WARN_QUOTED_INCLUDE_IN_FRAMEWORK_HEADER = YES;
				CLANG_WARN_RANGE_LOOP_ANALYSIS = YES;
				CLANG_WARN_STRICT_PROTOTYPES = YES;
				CLANG_WARN_SUSPICIOUS_MOVE = YES;
				CLANG_WARN_UNGUARDED_AVAILABILITY = YES_AGGRESSIVE;
				CLANG_WARN_UNREACHABLE_CODE = YES;
				CLANG_WARN__DUPLICATE_METHOD_MATCH = YES;
				COPY_PHASE_STRIP = NO;
				DEBUG_INFORMATION_FORMAT = "dwarf-with-dsym";
				ENABLE_NS_ASSERTIONS = NO;
				ENABLE_STRICT_OBJC_MSGSEND = YES;
				GCC_C_LANGUAGE_STANDARD = gnu11;
				GCC_NO_COMMON_BLOCKS = YES;
				GCC_WARN_64_TO_32_BIT_CONVERSION = YES;
				GCC_WARN_ABOUT_RETURN_TYPE = YES_ERROR;
				GCC_WARN_UNDECLARED_SELECTOR = YES;
				GCC_WARN_UNINITIALIZED_AUTOS = YES_AGGRESSIVE;
				GCC_WARN_UNUSED_FUNCTION = YES;
				GCC_WARN_UNUSED_VARIABLE = YES;
				IPHONEOS_DEPLOYMENT_TARGET = 15.2;
				MTL_ENABLE_DEBUG_INFO = NO;
				MTL_FAST_MATH = YES;
				SDKROOT = iphoneos;
				SWIFT_COMPILATION_MODE = wholemodule;
				SWIFT_OPTIMIZATION_LEVEL = "-O";
				VALIDATE_PRODUCT = YES;
			};
			name = Release;
		};
		082501DC279BD86800AECB82 /* Debug */ = {
			isa = XCBuildConfiguration;
			buildSettings = {
				ASSETCATALOG_COMPILER_APPICON_NAME = AppIcon;
				ASSETCATALOG_COMPILER_GLOBAL_ACCENT_COLOR_NAME = AccentColor;
				CODE_SIGN_STYLE = Automatic;
				CURRENT_PROJECT_VERSION = 1;
				GENERATE_INFOPLIST_FILE = YES;
				INFOPLIST_FILE = LRUCacheApp/Info.plist;
				INFOPLIST_KEY_UIApplicationSupportsIndirectInputEvents = YES;
				INFOPLIST_KEY_UILaunchStoryboardName = LaunchScreen;
				INFOPLIST_KEY_UISupportedInterfaceOrientations_iPad = "UIInterfaceOrientationPortrait UIInterfaceOrientationPortraitUpsideDown UIInterfaceOrientationLandscapeLeft UIInterfaceOrientationLandscapeRight";
				INFOPLIST_KEY_UISupportedInterfaceOrientations_iPhone = "UIInterfaceOrientationPortrait UIInterfaceOrientationLandscapeLeft UIInterfaceOrientationLandscapeRight";
				LD_RUNPATH_SEARCH_PATHS = (
					"$(inherited)",
					"@executable_path/Frameworks",
				);
				MARKETING_VERSION = 1.0;
				PRODUCT_BUNDLE_IDENTIFIER = com.test.test.LRUCacheApp;
				PRODUCT_NAME = "$(TARGET_NAME)";
				SWIFT_EMIT_LOC_STRINGS = YES;
				SWIFT_VERSION = 5.0;
				TARGETED_DEVICE_FAMILY = "1,2";
			};
			name = Debug;
		};
		082501DD279BD86800AECB82 /* Release */ = {
			isa = XCBuildConfiguration;
			buildSettings = {
				ASSETCATALOG_COMPILER_APPICON_NAME = AppIcon;
				ASSETCATALOG_COMPILER_GLOBAL_ACCENT_COLOR_NAME = AccentColor;
				CODE_SIGN_STYLE = Automatic;
				CURRENT_PROJECT_VERSION = 1;
				GENERATE_INFOPLIST_FILE = YES;
				INFOPLIST_FILE = LRUCacheApp/Info.plist;
				INFOPLIST_KEY_UIApplicationSupportsIndirectInputEvents = YES;
				INFOPLIST_KEY_UILaunchStoryboardName = LaunchScreen;
				INFOPLIST_KEY_UISupportedInterfaceOrientations_iPad = "UIInterfaceOrientationPortrait UIInterfaceOrientationPortraitUpsideDown UIInterfaceOrientationLandscapeLeft UIInterfaceOrientationLandscapeRight";
				INFOPLIST_KEY_UISupportedInterfaceOrientations_iPhone = "UIInterfaceOrientationPortrait UIInterfaceOrientationLandscapeLeft UIInterfaceOrientationLandscapeRight";
				LD_RUNPATH_SEARCH_PATHS = (
					"$(inherited)",
					"@executable_path/Frameworks",
				);
				MARKETING_VERSION = 1.0;
				PRODUCT_BUNDLE_IDENTIFIER = com.test.test.LRUCacheApp;
				PRODUCT_NAME = "$(TARGET_NAME)";
				SWIFT_EMIT_LOC_STRINGS = YES;
				SWIFT_VERSION = 5.0;
				TARGETED_DEVICE_FAMILY = "1,2";
			};
			name = Release;
		};
		082501DF279BD86800AECB82 /* Debug */ = {
			isa = XCBuildConfiguration;
			buildSettings = {
				ALWAYS_EMBED_SWIFT_STANDARD_LIBRARIES = YES;
				BUNDLE_LOADER = "$(TEST_HOST)";
				CODE_SIGN_STYLE = Automatic;
				CURRENT_PROJECT_VERSION = 1;
				GENERATE_INFOPLIST_FILE = YES;
				IPHONEOS_DEPLOYMENT_TARGET = 15.2;
				MARKETING_VERSION = 1.0;
				PRODUCT_BUNDLE_IDENTIFIER = com.test.test.LRUCacheAppTests;
				PRODUCT_NAME = "$(TARGET_NAME)";
				SWIFT_EMIT_LOC_STRINGS = NO;
				SWIFT_VERSION = 5.0;
				TARGETED_DEVICE_FAMILY = "1,2";
				TEST_HOST = "$(BUILT_PRODUCTS_DIR)/LRUCacheApp.app/LRUCacheApp";
			};
			name = Debug;
		};
		082501E0279BD86800AECB82 /* Release */ = {
			isa = XCBuildConfiguration;
			buildSettings = {
				ALWAYS_EMBED_SWIFT_STANDARD_LIBRARIES = YES;
				BUNDLE_LOADER = "$(TEST_HOST)";
				CODE_SIGN_STYLE = Automatic;
				CURRENT_PROJECT_VERSION = 1;
				GENERATE_INFOPLIST_FILE = YES;
				IPHONEOS_DEPLOYMENT_TARGET = 15.2;
				MARKETING_VERSION = 1.0;
				PRODUCT_BUNDLE_IDENTIFIER = com.test.test.LRUCacheAppTests;
				PRODUCT_NAME = "$(TARGET_NAME)";
				SWIFT_EMIT_LOC_STRINGS = NO;
				SWIFT_VERSION = 5.0;
				TARGETED_DEVICE_FAMILY = "1,2";
				TEST_HOST = "$(BUILT_PRODUCTS_DIR)/LRUCacheApp.app/LRUCacheApp";
			};
			name = Release;
		};
		082501E2279BD86800AECB82 /* Debug */ = {
			isa = XCBuildConfiguration;
			buildSettings = {
				ALWAYS_EMBED_SWIFT_STANDARD_LIBRARIES = YES;
				CODE_SIGN_STYLE = Automatic;
				CURRENT_PROJECT_VERSION = 1;
				GENERATE_INFOPLIST_FILE = YES;
				MARKETING_VERSION = 1.0;
				PRODUCT_BUNDLE_IDENTIFIER = com.test.test.LRUCacheAppUITests;
				PRODUCT_NAME = "$(TARGET_NAME)";
				SWIFT_EMIT_LOC_STRINGS = NO;
				SWIFT_VERSION = 5.0;
				TARGETED_DEVICE_FAMILY = "1,2";
				TEST_TARGET_NAME = LRUCacheApp;
			};
			name = Debug;
		};
		082501E3279BD86800AECB82 /* Release */ = {
			isa = XCBuildConfiguration;
			buildSettings = {
				ALWAYS_EMBED_SWIFT_STANDARD_LIBRARIES = YES;
				CODE_SIGN_STYLE = Automatic;
				CURRENT_PROJECT_VERSION = 1;
				GENERATE_INFOPLIST_FILE = YES;
				MARKETING_VERSION = 1.0;
				PRODUCT_BUNDLE_IDENTIFIER = com.test.test.LRUCacheAppUITests;
				PRODUCT_NAME = "$(TARGET_NAME)";
				SWIFT_EMIT_LOC_STRINGS = NO;
				SWIFT_VERSION = 5.0;
				TARGETED_DEVICE_FAMILY = "1,2";
				TEST_TARGET_NAME = LRUCacheApp;
			};
			name = Release;
		};
		082501ED279BD92900AECB82 /* Debug */ = {
			isa = XCBuildConfiguration;
			buildSettings = {
				CODE_SIGN_STYLE = Automatic;
				OTHER_LDFLAGS = "-ObjC";
				PRODUCT_NAME = "$(TARGET_NAME)";
				SKIP_INSTALL = YES;
				SWIFT_VERSION = 5.0;
				TARGETED_DEVICE_FAMILY = "1,2";
			};
			name = Debug;
		};
		082501EE279BD92900AECB82 /* Release */ = {
			isa = XCBuildConfiguration;
			buildSettings = {
				CODE_SIGN_STYLE = Automatic;
				OTHER_LDFLAGS = "-ObjC";
				PRODUCT_NAME = "$(TARGET_NAME)";
				SKIP_INSTALL = YES;
				SWIFT_VERSION = 5.0;
				TARGETED_DEVICE_FAMILY = "1,2";
			};
			name = Release;
		};
		082501FD279BEA1500AECB82 /* Debug */ = {
			isa = XCBuildConfiguration;
			buildSettings = {
				CODE_SIGN_STYLE = Automatic;
				CURRENT_PROJECT_VERSION = 1;
				GENERATE_INFOPLIST_FILE = YES;
				MARKETING_VERSION = 1.0;
				PRODUCT_BUNDLE_IDENTIFIER = com.test.test.LRUCacheTests;
				PRODUCT_NAME = "$(TARGET_NAME)";
				SWIFT_EMIT_LOC_STRINGS = NO;
				SWIFT_VERSION = 5.0;
				TARGETED_DEVICE_FAMILY = "1,2";
			};
			name = Debug;
		};
		082501FE279BEA1500AECB82 /* Release */ = {
			isa = XCBuildConfiguration;
			buildSettings = {
				CODE_SIGN_STYLE = Automatic;
				CURRENT_PROJECT_VERSION = 1;
				GENERATE_INFOPLIST_FILE = YES;
				MARKETING_VERSION = 1.0;
				PRODUCT_BUNDLE_IDENTIFIER = com.test.test.LRUCacheTests;
				PRODUCT_NAME = "$(TARGET_NAME)";
				SWIFT_EMIT_LOC_STRINGS = NO;
				SWIFT_VERSION = 5.0;
				TARGETED_DEVICE_FAMILY = "1,2";
			};
			name = Release;
		};
/* End XCBuildConfiguration section */

/* Begin XCConfigurationList section */
		082501AC279BD86600AECB82 /* Build configuration list for PBXProject "LRUCacheApp" */ = {
			isa = XCConfigurationList;
			buildConfigurations = (
				082501D9279BD86800AECB82 /* Debug */,
				082501DA279BD86800AECB82 /* Release */,
			);
			defaultConfigurationIsVisible = 0;
			defaultConfigurationName = Release;
		};
		082501DB279BD86800AECB82 /* Build configuration list for PBXNativeTarget "LRUCacheApp" */ = {
			isa = XCConfigurationList;
			buildConfigurations = (
				082501DC279BD86800AECB82 /* Debug */,
				082501DD279BD86800AECB82 /* Release */,
			);
			defaultConfigurationIsVisible = 0;
			defaultConfigurationName = Release;
		};
		082501DE279BD86800AECB82 /* Build configuration list for PBXNativeTarget "LRUCacheAppTests" */ = {
			isa = XCConfigurationList;
			buildConfigurations = (
				082501DF279BD86800AECB82 /* Debug */,
				082501E0279BD86800AECB82 /* Release */,
			);
			defaultConfigurationIsVisible = 0;
			defaultConfigurationName = Release;
		};
		082501E1279BD86800AECB82 /* Build configuration list for PBXNativeTarget "LRUCacheAppUITests" */ = {
			isa = XCConfigurationList;
			buildConfigurations = (
				082501E2279BD86800AECB82 /* Debug */,
				082501E3279BD86800AECB82 /* Release */,
			);
			defaultConfigurationIsVisible = 0;
			defaultConfigurationName = Release;
		};
		082501EC279BD92900AECB82 /* Build configuration list for PBXNativeTarget "LRUCache" */ = {
			isa = XCConfigurationList;
			buildConfigurations = (
				082501ED279BD92900AECB82 /* Debug */,
				082501EE279BD92900AECB82 /* Release */,
			);
			defaultConfigurationIsVisible = 0;
			defaultConfigurationName = Release;
		};
		082501FC279BEA1500AECB82 /* Build configuration list for PBXNativeTarget "LRUCacheTests" */ = {
			isa = XCConfigurationList;
			buildConfigurations = (
				082501FD279BEA1500AECB82 /* Debug */,
				082501FE279BEA1500AECB82 /* Release */,
			);
			defaultConfigurationIsVisible = 0;
			defaultConfigurationName = Release;
		};
/* End XCConfigurationList section */
	};
	rootObject = 082501A9279BD86600AECB82 /* Project object */;
}
